dependencies:
- name: loki
  repository: https://grafana.github.io/helm-charts
  version: 6.0.0
- name: tempo
  repository: https://grafana.github.io/helm-charts
  version: 1.10.3
- name: grafana
  repository: https://grafana.github.io/helm-charts
  version: 8.0.2
- name: promtail
  repository: https://grafana.github.io/helm-charts
  version: 6.16.6
- name: opentelemetry-collector
  repository: https://open-telemetry.github.io/opentelemetry-helm-charts
  version: 0.108.1
- name: prometheus
  repository: https://prometheus-community.github.io/helm-charts
  version: 25.0.0
digest: sha256:c42be2fba6a87dc17d60a96135dd08050ebf50b782bc4d25e04b3c2a478fc841
generated: "2026-02-25T14:22:43.010271+09:00"
